{
  "version": 4,
  "terraform_version": "1.3.7",
  "serial": 56,
  "lineage": "2c13b3eb-0855-57ff-0c1c-d1bf3bb4c71f",
  "outputs": {
    "smpt_email_address": {
      "value": "oloruntobiolurombi@gmail.com",
      "type": "string"
    },
    "smtp_password": {
      "value": "BPJ9eMYXsd6qyBx7I3fWWtkuDaQ7BAbedNhE3rSDP7W7",
      "type": "string",
      "sensitive": true
    },
    "smtp_username": {
      "value": "AKIAY4YHVQCTKNM5NINH",
      "type": "string"
    }
  },
  "resources": [
    {
      "mode": "data",
      "type": "aws_iam_policy_document",
      "name": "policy_document",
      "provider": "provider[\"registry.terraform.io/hashicorp/aws\"]",
      "instances": [
        {
          "schema_version": 0,
          "attributes": {
            "id": "4248632565",
            "json": "{\n  \"Version\": \"2012-10-17\",\n  \"Statement\": [\n    {\n      \"Sid\": \"\",\n      \"Effect\": \"Allow\",\n      \"Action\": [\n        \"ses:SendRawEmail\",\n        \"ses:SendEmail\",\n        \"iam:PutUserPolicy\",\n        \"iam:ListUsers\",\n        \"iam:CreateUse\",\n        \"iam:CreateAccessKey\"\n      ],\n      \"Resource\": \"arn:aws:ses:us-east-1:611512058022:identity/oloruntobiolurombi@gmail.com\"\n    }\n  ]\n}",
            "override_json": null,
            "override_policy_documents": null,
            "policy_id": null,
            "source_json": null,
            "source_policy_documents": null,
            "statement": [
              {
                "actions": [
                  "iam:CreateAccessKey",
                  "iam:CreateUse",
                  "iam:ListUsers",
                  "iam:PutUserPolicy",
                  "ses:SendEmail",
                  "ses:SendRawEmail"
                ],
                "condition": [],
                "effect": "Allow",
                "not_actions": [],
                "not_principals": [],
                "not_resources": [],
                "principals": [],
                "resources": [
                  "arn:aws:ses:us-east-1:611512058022:identity/oloruntobiolurombi@gmail.com"
                ],
                "sid": ""
              }
            ],
            "version": "2012-10-17"
          },
          "sensitive_attributes": []
        }
      ]
    },
    {
      "mode": "managed",
      "type": "aws_iam_access_key",
      "name": "access_key",
      "provider": "provider[\"registry.terraform.io/hashicorp/aws\"]",
      "instances": [
        {
          "schema_version": 0,
          "attributes": {
            "create_date": "2023-01-05T21:20:59Z",
            "encrypted_secret": null,
            "encrypted_ses_smtp_password_v4": null,
            "id": "AKIAY4YHVQCTKNM5NINH",
            "key_fingerprint": null,
            "pgp_key": null,
            "secret": "UM247/gATXPHVQnMsz+A9MjKdAvtvZA1ffDpFYll",
            "ses_smtp_password_v4": "BPJ9eMYXsd6qyBx7I3fWWtkuDaQ7BAbedNhE3rSDP7W7",
            "status": "Active",
            "user": "moxehealthUser"
          },
          "sensitive_attributes": [],
          "private": "bnVsbA==",
          "dependencies": [
            "aws_iam_user.user"
          ]
        }
      ]
    },
    {
      "mode": "managed",
      "type": "aws_iam_policy",
      "name": "policy",
      "provider": "provider[\"registry.terraform.io/hashicorp/aws\"]",
      "instances": [
        {
          "schema_version": 0,
          "attributes": {
            "arn": "arn:aws:iam::611512058022:policy/moxehealthUser",
            "description": "",
            "id": "arn:aws:iam::611512058022:policy/moxehealthUser",
            "name": "moxehealthUser",
            "name_prefix": null,
            "path": "/",
            "policy": "{\"Statement\":[{\"Action\":[\"ses:SendRawEmail\",\"ses:SendEmail\",\"iam:PutUserPolicy\",\"iam:ListUsers\",\"iam:CreateUse\",\"iam:CreateAccessKey\"],\"Effect\":\"Allow\",\"Resource\":\"arn:aws:ses:us-east-1:611512058022:identity/oloruntobiolurombi@gmail.com\",\"Sid\":\"\"}],\"Version\":\"2012-10-17\"}",
            "policy_id": "ANPAY4YHVQCTO73KRKID2",
            "tags": null,
            "tags_all": {}
          },
          "sensitive_attributes": [],
          "private": "bnVsbA==",
          "dependencies": [
            "aws_iam_user.user",
            "aws_ses_email_identity.email",
            "data.aws_iam_policy_document.policy_document"
          ]
        }
      ]
    },
    {
      "mode": "managed",
      "type": "aws_iam_user",
      "name": "user",
      "provider": "provider[\"registry.terraform.io/hashicorp/aws\"]",
      "instances": [
        {
          "schema_version": 0,
          "attributes": {
            "arn": "arn:aws:iam::611512058022:user/moxehealthUser",
            "force_destroy": false,
            "id": "moxehealthUser",
            "name": "moxehealthUser",
            "path": "/",
            "permissions_boundary": null,
            "tags": null,
            "tags_all": {},
            "unique_id": "AIDAY4YHVQCTLMK3NMECC"
          },
          "sensitive_attributes": [],
          "private": "bnVsbA=="
        }
      ]
    },
    {
      "mode": "managed",
      "type": "aws_iam_user_policy_attachment",
      "name": "user_policy",
      "provider": "provider[\"registry.terraform.io/hashicorp/aws\"]",
      "instances": [
        {
          "schema_version": 0,
          "attributes": {
            "id": "moxehealthUser-20230105212100326400000001",
            "policy_arn": "arn:aws:iam::611512058022:policy/moxehealthUser",
            "user": "moxehealthUser"
          },
          "sensitive_attributes": [],
          "private": "bnVsbA==",
          "dependencies": [
            "aws_iam_policy.policy",
            "aws_iam_user.user",
            "aws_ses_email_identity.email",
            "data.aws_iam_policy_document.policy_document"
          ]
        }
      ]
    },
    {
      "mode": "managed",
      "type": "aws_ses_email_identity",
      "name": "email",
      "provider": "provider[\"registry.terraform.io/hashicorp/aws\"]",
      "instances": [
        {
          "schema_version": 0,
          "attributes": {
            "arn": "arn:aws:ses:us-east-1:611512058022:identity/oloruntobiolurombi@gmail.com",
            "email": "oloruntobiolurombi@gmail.com",
            "id": "oloruntobiolurombi@gmail.com"
          },
          "sensitive_attributes": [],
          "private": "bnVsbA=="
        }
      ]
    }
  ],
  "check_results": null
}
